
Microsoft Visual Studio Solution File, Format Version 12.00
# Visual Studio Version 16
VisualStudioVersion = 16.0.30717.126
MinimumVisualStudioVersion = 10.0.40219.1
Project("{FAE04EC0-301F-11D3-BF4B-00C04F79EFBC}") = "MyBusiness", "MyBusiness\MyBusiness.csproj", "{6DC2C63C-6F25-480E-9114-87BF9B925F9C}"
EndProject
Project("{FAE04EC0-301F-11D3-BF4B-00C04F79EFBC}") = "MyBusiness.Models", "MyBusiness.Models\MyBusiness.Models.csproj", "{1E67F6AD-DD85-457F-9435-E7E3DCCA8DF8}"
EndProject
Global
	GlobalSection(SolutionConfigurationPlatforms) = preSolution
		Debug|Any CPU = Debug|Any CPU
		Release|Any CPU = Release|Any CPU
	EndGlobalSection
	GlobalSection(ProjectConfigurationPlatforms) = postSolution
		{6DC2C63C-6F25-480E-9114-87BF9B925F9C}.Debug|Any CPU.ActiveCfg = Debug|Any CPU
		{6DC2C63C-6F25-480E-9114-87BF9B925F9C}.Debug|Any CPU.Build.0 = Debug|Any CPU
		{6DC2C63C-6F25-480E-9114-87BF9B925F9C}.Release|Any CPU.ActiveCfg = Release|Any CPU
		{6DC2C63C-6F25-480E-9114-87BF9B925F9C}.Release|Any CPU.Build.0 = Release|Any CPU
		{1E67F6AD-DD85-457F-9435-E7E3DCCA8DF8}.Debug|Any CPU.ActiveCfg = Debug|Any CPU
		{1E67F6AD-DD85-457F-9435-E7E3DCCA8DF8}.Debug|Any CPU.Build.0 = Debug|Any CPU
		{1E67F6AD-DD85-457F-9435-E7E3DCCA8DF8}.Release|Any CPU.ActiveCfg = Release|Any CPU
		{1E67F6AD-DD85-457F-9435-E7E3DCCA8DF8}.Release|Any CPU.Build.0 = Release|Any CPU
	EndGlobalSection
	GlobalSection(SolutionProperties) = preSolution
		HideSolutionNode = FALSE
	EndGlobalSection
	GlobalSection(ExtensibilityGlobals) = postSolution
		SolutionGuid = {4E4BFC2D-F28D-4449-AC03-12665BB64281}
	EndGlobalSection
EndGlobal
